
Microsoft Visual Studio Solution File, Format Version 12.00
# Visual Studio 15
VisualStudioVersion = 15.0.27428.2037
MinimumVisualStudioVersion = 10.0.40219.1
Project("{FAE04EC0-301F-11D3-BF4B-00C04F79EFBC}") = "jwtTokenTest", "jwtTokenTest\jwtTokenTest.csproj", "{BF8918FF-318B-41F4-B1EC-6795D29F7861}"
EndProject
Global
	GlobalSection(SolutionConfigurationPlatforms) = preSolution
		Debug|Any CPU = Debug|Any CPU
		Release|Any CPU = Release|Any CPU
	EndGlobalSection
	GlobalSection(ProjectConfigurationPlatforms) = postSolution
		{BF8918FF-318B-41F4-B1EC-6795D29F7861}.Debug|Any CPU.ActiveCfg = Debug|Any CPU
		{BF8918FF-318B-41F4-B1EC-6795D29F7861}.Debug|Any CPU.Build.0 = Debug|Any CPU
		{BF8918FF-318B-41F4-B1EC-6795D29F7861}.Release|Any CPU.ActiveCfg = Release|Any CPU
		{BF8918FF-318B-41F4-B1EC-6795D29F7861}.Release|Any CPU.Build.0 = Release|Any CPU
	EndGlobalSection
	GlobalSection(SolutionProperties) = preSolution
		HideSolutionNode = FALSE
	EndGlobalSection
	GlobalSection(ExtensibilityGlobals) = postSolution
		SolutionGuid = {E56D6851-294C-4A3B-AC22-C04E54DA3EEB}
	EndGlobalSection
EndGlobal
